
Microsoft Visual Studio Solution File, Format Version 12.00
Project("{FAE04EC0-301F-11D3-BF4B-00C04F79EFBC}") = "Crossover", "Crossover.csproj", "{BF130D4B-61FA-4961-A67C-6BD6CFB7525B}"
EndProject
Global
	GlobalSection(SolutionConfigurationPlatforms) = preSolution
		Debug|Any CPU = Debug|Any CPU
		Release|Any CPU = Release|Any CPU
	EndGlobalSection
	GlobalSection(ProjectConfigurationPlatforms) = postSolution
		{BF130D4B-61FA-4961-A67C-6BD6CFB7525B}.Debug|Any CPU.ActiveCfg = Debug|Any CPU
		{BF130D4B-61FA-4961-A67C-6BD6CFB7525B}.Debug|Any CPU.Build.0 = Debug|Any CPU
		{BF130D4B-61FA-4961-A67C-6BD6CFB7525B}.Release|Any CPU.ActiveCfg = Release|Any CPU
		{BF130D4B-61FA-4961-A67C-6BD6CFB7525B}.Release|Any CPU.Build.0 = Release|Any CPU
	EndGlobalSection
EndGlobal
